// !$*UTF8*$!
{
	archiveVersion = 1;
	classes = {
	};
	objectVersion = 46;
	objects = {

/* Begin PBXBuildFile section */
		33A09B94B40B4597B51A4406 /* libPods.a in Frameworks */ = {isa = PBXBuildFile; fileRef = EEE78A2B084647658F5F3AA7 /* libPods.a */; };
		4304077919C470210061CAB3 /* CFNetwork.framework in Frameworks */ = {isa = PBXBuildFile; fileRef = 4304077819C470210061CAB3 /* CFNetwork.framework */; };
		4304077B19C470310061CAB3 /* SystemConfiguration.framework in Frameworks */ = {isa = PBXBuildFile; fileRef = 4304077A19C470310061CAB3 /* SystemConfiguration.framework */; };
		4304077D19C4703A0061CAB3 /* MobileCoreServices.framework in Frameworks */ = {isa = PBXBuildFile; fileRef = 4304077C19C4703A0061CAB3 /* MobileCoreServices.framework */; };
		4304077F19C4704A0061CAB3 /* CoreData.framework in Frameworks */ = {isa = PBXBuildFile; fileRef = 4304077E19C4704A0061CAB3 /* CoreData.framework */; };
		4304078119C4705A0061CAB3 /* CoreLocation.framework in Frameworks */ = {isa = PBXBuildFile; fileRef = 4304078019C4705A0061CAB3 /* CoreLocation.framework */; };
		4304078319C470610061CAB3 /* AudioToolbox.framework in Frameworks */ = {isa = PBXBuildFile; fileRef = 4304078219C470610061CAB3 /* AudioToolbox.framework */; };
		4304078519C470700061CAB3 /* CoreMedia.framework in Frameworks */ = {isa = PBXBuildFile; fileRef = 4304078419C470700061CAB3 /* CoreMedia.framework */; };
		4304078719C4707B0061CAB3 /* Accelerate.framework in Frameworks */ = {isa = PBXBuildFile; fileRef = 4304078619C4707B0061CAB3 /* Accelerate.framework */; };
		4304078919C470830061CAB3 /* CoreVideo.framework in Frameworks */ = {isa = PBXBuildFile; fileRef = 4304078819C470830061CAB3 /* CoreVideo.framework */; };
		4304078B19C4708F0061CAB3 /* AVFoundation.framework in Frameworks */ = {isa = PBXBuildFile; fileRef = 4304078A19C4708F0061CAB3 /* AVFoundation.framework */; };
		4304078D19C4709F0061CAB3 /* Security.framework in Frameworks */ = {isa = PBXBuildFile; fileRef = 4304078C19C4709F0061CAB3 /* Security.framework */; };
		4304078F19C470B00061CAB3 /* libz.dylib in Frameworks */ = {isa = PBXBuildFile; fileRef = 4304078E19C470B00061CAB3 /* libz.dylib */; };
		4304079119C470B90061CAB3 /* libresolv.dylib in Frameworks */ = {isa = PBXBuildFile; fileRef = 4304079019C470B90061CAB3 /* libresolv.dylib */; };
		4304079319C470C10061CAB3 /* libxml2.dylib in Frameworks */ = {isa = PBXBuildFile; fileRef = 4304079219C470C10061CAB3 /* libxml2.dylib */; };
		4304079519C470DC0061CAB3 /* Quickblox.framework in Frameworks */ = {isa = PBXBuildFile; fileRef = 4304079419C470DC0061CAB3 /* Quickblox.framework */; };
		4333059F19C45CC500E94316 /* Foundation.framework in Frameworks */ = {isa = PBXBuildFile; fileRef = 4333059E19C45CC500E94316 /* Foundation.framework */; };
		433305A119C45CC500E94316 /* CoreGraphics.framework in Frameworks */ = {isa = PBXBuildFile; fileRef = 433305A019C45CC500E94316 /* CoreGraphics.framework */; };
		433305A319C45CC500E94316 /* UIKit.framework in Frameworks */ = {isa = PBXBuildFile; fileRef = 433305A219C45CC500E94316 /* UIKit.framework */; };
		433305A919C45CC500E94316 /* InfoPlist.strings in Resources */ = {isa = PBXBuildFile; fileRef = 433305A719C45CC500E94316 /* InfoPlist.strings */; };
		433305AB19C45CC500E94316 /* main.m in Sources */ = {isa = PBXBuildFile; fileRef = 433305AA19C45CC500E94316 /* main.m */; };
		433305AF19C45CC500E94316 /* NKAppDelegate.m in Sources */ = {isa = PBXBuildFile; fileRef = 433305AE19C45CC500E94316 /* NKAppDelegate.m */; };
		433305B219C45CC600E94316 /* Main_iPhone.storyboard in Resources */ = {isa = PBXBuildFile; fileRef = 433305B019C45CC600E94316 /* Main_iPhone.storyboard */; };
		433305B519C45CC600E94316 /* Main_iPad.storyboard in Resources */ = {isa = PBXBuildFile; fileRef = 433305B319C45CC600E94316 /* Main_iPad.storyboard */; };
		433305B819C45CC600E94316 /* NKViewController.m in Sources */ = {isa = PBXBuildFile; fileRef = 433305B719C45CC600E94316 /* NKViewController.m */; };
		433305BA19C45CC600E94316 /* Images.xcassets in Resources */ = {isa = PBXBuildFile; fileRef = 433305B919C45CC600E94316 /* Images.xcassets */; };
		433305C119C45CC600E94316 /* XCTest.framework in Frameworks */ = {isa = PBXBuildFile; fileRef = 433305C019C45CC600E94316 /* XCTest.framework */; };
		433305C219C45CC600E94316 /* Foundation.framework in Frameworks */ = {isa = PBXBuildFile; fileRef = 4333059E19C45CC500E94316 /* Foundation.framework */; };
		433305C319C45CC600E94316 /* UIKit.framework in Frameworks */ = {isa = PBXBuildFile; fileRef = 433305A219C45CC500E94316 /* UIKit.framework */; };
		433305CB19C45CC600E94316 /* InfoPlist.strings in Resources */ = {isa = PBXBuildFile; fileRef = 433305C919C45CC600E94316 /* InfoPlist.strings */; };
		433305CD19C45CC600E94316 /* VideoChatDemoTests.m in Sources */ = {isa = PBXBuildFile; fileRef = 433305CC19C45CC600E94316 /* VideoChatDemoTests.m */; };
		436585DB19C87B3200B115B2 /* NKContactView.m in Sources */ = {isa = PBXBuildFile; fileRef = 436585DA19C87B3200B115B2 /* NKContactView.m */; };
		43B026BF19C5B9BE002E00D5 /* NKContactsTableViewController.m in Sources */ = {isa = PBXBuildFile; fileRef = 43B026BE19C5B9BE002E00D5 /* NKContactsTableViewController.m */; };
		43B026C119C60E08002E00D5 /* user-icon-512.png in Resources */ = {isa = PBXBuildFile; fileRef = 43B026C019C60E08002E00D5 /* user-icon-512.png */; };
		43B026C519C60F48002E00D5 /* NKVideochatViewController.m in Sources */ = {isa = PBXBuildFile; fileRef = 43B026C419C60F48002E00D5 /* NKVideochatViewController.m */; };
		43B026CC19C6145B002E00D5 /* NKPageViewControllerDelegate.m in Sources */ = {isa = PBXBuildFile; fileRef = 43B026CB19C6145B002E00D5 /* NKPageViewControllerDelegate.m */; };
		43CFF5F419C61D230075A533 /* NKPageViewController.m in Sources */ = {isa = PBXBuildFile; fileRef = 43CFF5F319C61D230075A533 /* NKPageViewController.m */; };
		43CFF5FA19C7037E0075A533 /* TPCircularBuffer+AudioBufferList.mm in Sources */ = {isa = PBXBuildFile; fileRef = 43CFF5F719C7037E0075A533 /* TPCircularBuffer+AudioBufferList.mm */; };
		43CFF5FB19C7037E0075A533 /* TPCircularBuffer.mm in Sources */ = {isa = PBXBuildFile; fileRef = 43CFF5F919C7037E0075A533 /* TPCircularBuffer.mm */; };
		43CFF5FD19C741D80075A533 /* ringing.wav in Resources */ = {isa = PBXBuildFile; fileRef = 43CFF5FC19C741D80075A533 /* ringing.wav */; };
/* End PBXBuildFile section */

/* Begin PBXContainerItemProxy section */
		433305C419C45CC600E94316 /* PBXContainerItemProxy */ = {
			isa = PBXContainerItemProxy;
			containerPortal = 4333059319C45CC500E94316 /* Project object */;
			proxyType = 1;
			remoteGlobalIDString = 4333059A19C45CC500E94316;
			remoteInfo = VideoChatDemo;
		};
/* End PBXContainerItemProxy section */

/* Begin PBXFileReference section */
		1806840437BC4B77A445F48D /* Pods.xcconfig */ = {isa = PBXFileReference; includeInIndex = 1; lastKnownFileType = text.xcconfig; name = Pods.xcconfig; path = Pods/Pods.xcconfig; sourceTree = "<group>"; };
		4304077819C470210061CAB3 /* CFNetwork.framework */ = {isa = PBXFileReference; lastKnownFileType = wrapper.framework; name = CFNetwork.framework; path = System/Library/Frameworks/CFNetwork.framework; sourceTree = SDKROOT; };
		4304077A19C470310061CAB3 /* SystemConfiguration.framework */ = {isa = PBXFileReference; lastKnownFileType = wrapper.framework; name = SystemConfiguration.framework; path = System/Library/Frameworks/SystemConfiguration.framework; sourceTree = SDKROOT; };
		4304077C19C4703A0061CAB3 /* MobileCoreServices.framework */ = {isa = PBXFileReference; lastKnownFileType = wrapper.framework; name = MobileCoreServices.framework; path = System/Library/Frameworks/MobileCoreServices.framework; sourceTree = SDKROOT; };
		4304077E19C4704A0061CAB3 /* CoreData.framework */ = {isa = PBXFileReference; lastKnownFileType = wrapper.framework; name = CoreData.framework; path = System/Library/Frameworks/CoreData.framework; sourceTree = SDKROOT; };
		4304078019C4705A0061CAB3 /* CoreLocation.framework */ = {isa = PBXFileReference; lastKnownFileType = wrapper.framework; name = CoreLocation.framework; path = System/Library/Frameworks/CoreLocation.framework; sourceTree = SDKROOT; };
		4304078219C470610061CAB3 /* AudioToolbox.framework */ = {isa = PBXFileReference; lastKnownFileType = wrapper.framework; name = AudioToolbox.framework; path = System/Library/Frameworks/AudioToolbox.framework; sourceTree = SDKROOT; };
		4304078419C470700061CAB3 /* CoreMedia.framework */ = {isa = PBXFileReference; lastKnownFileType = wrapper.framework; name = CoreMedia.framework; path = System/Library/Frameworks/CoreMedia.framework; sourceTree = SDKROOT; };
		4304078619C4707B0061CAB3 /* Accelerate.framework */ = {isa = PBXFileReference; lastKnownFileType = wrapper.framework; name = Accelerate.framework; path = System/Library/Frameworks/Accelerate.framework; sourceTree = SDKROOT; };
		4304078819C470830061CAB3 /* CoreVideo.framework */ = {isa = PBXFileReference; lastKnownFileType = wrapper.framework; name = CoreVideo.framework; path = System/Library/Frameworks/CoreVideo.framework; sourceTree = SDKROOT; };
		4304078A19C4708F0061CAB3 /* AVFoundation.framework */ = {isa = PBXFileReference; lastKnownFileType = wrapper.framework; name = AVFoundation.framework; path = System/Library/Frameworks/AVFoundation.framework; sourceTree = SDKROOT; };
		4304078C19C4709F0061CAB3 /* Security.framework */ = {isa = PBXFileReference; lastKnownFileType = wrapper.framework; name = Security.framework; path = System/Library/Frameworks/Security.framework; sourceTree = SDKROOT; };
		4304078E19C470B00061CAB3 /* libz.dylib */ = {isa = PBXFileReference; lastKnownFileType = "compiled.mach-o.dylib"; name = libz.dylib; path = usr/lib/libz.dylib; sourceTree = SDKROOT; };
		4304079019C470B90061CAB3 /* libresolv.dylib */ = {isa = PBXFileReference; lastKnownFileType = "compiled.mach-o.dylib"; name = libresolv.dylib; path = usr/lib/libresolv.dylib; sourceTree = SDKROOT; };
		4304079219C470C10061CAB3 /* libxml2.dylib */ = {isa = PBXFileReference; lastKnownFileType = "compiled.mach-o.dylib"; name = libxml2.dylib; path = usr/lib/libxml2.dylib; sourceTree = SDKROOT; };
		4304079419C470DC0061CAB3 /* Quickblox.framework */ = {isa = PBXFileReference; lastKnownFileType = wrapper.framework; name = Quickblox.framework; path = "../../quickblox-ios-sdk/Framework/Quickblox.framework"; sourceTree = "<group>"; };
		4333059B19C45CC500E94316 /* VideoChatDemo.app */ = {isa = PBXFileReference; explicitFileType = wrapper.application; includeInIndex = 0; path = VideoChatDemo.app; sourceTree = BUILT_PRODUCTS_DIR; };
		4333059E19C45CC500E94316 /* Foundation.framework */ = {isa = PBXFileReference; lastKnownFileType = wrapper.framework; name = Foundation.framework; path = System/Library/Frameworks/Foundation.framework; sourceTree = SDKROOT; };
		433305A019C45CC500E94316 /* CoreGraphics.framework */ = {isa = PBXFileReference; lastKnownFileType = wrapper.framework; name = CoreGraphics.framework; path = System/Library/Frameworks/CoreGraphics.framework; sourceTree = SDKROOT; };
		433305A219C45CC500E94316 /* UIKit.framework */ = {isa = PBXFileReference; lastKnownFileType = wrapper.framework; name = UIKit.framework; path = System/Library/Frameworks/UIKit.framework; sourceTree = SDKROOT; };
		433305A619C45CC500E94316 /* VideoChatDemo-Info.plist */ = {isa = PBXFileReference; lastKnownFileType = text.plist.xml; path = "VideoChatDemo-Info.plist"; sourceTree = "<group>"; };
		433305A819C45CC500E94316 /* en */ = {isa = PBXFileReference; lastKnownFileType = text.plist.strings; name = en; path = en.lproj/InfoPlist.strings; sourceTree = "<group>"; };
		433305AA19C45CC500E94316 /* main.m */ = {isa = PBXFileReference; lastKnownFileType = sourcecode.c.objc; path = main.m; sourceTree = "<group>"; };
		433305AC19C45CC500E94316 /* VideoChatDemo-Prefix.pch */ = {isa = PBXFileReference; lastKnownFileType = sourcecode.c.h; path = "VideoChatDemo-Prefix.pch"; sourceTree = "<group>"; };
		433305AD19C45CC500E94316 /* NKAppDelegate.h */ = {isa = PBXFileReference; lastKnownFileType = sourcecode.c.h; path = NKAppDelegate.h; sourceTree = "<group>"; };
		433305AE19C45CC500E94316 /* NKAppDelegate.m */ = {isa = PBXFileReference; lastKnownFileType = sourcecode.c.objc; path = NKAppDelegate.m; sourceTree = "<group>"; };
		433305B119C45CC600E94316 /* Base */ = {isa = PBXFileReference; lastKnownFileType = file.storyboard; name = Base; path = Base.lproj/Main_iPhone.storyboard; sourceTree = "<group>"; };
		433305B419C45CC600E94316 /* Base */ = {isa = PBXFileReference; lastKnownFileType = file.storyboard; name = Base; path = Base.lproj/Main_iPad.storyboard; sourceTree = "<group>"; };
		433305B619C45CC600E94316 /* NKViewController.h */ = {isa = PBXFileReference; lastKnownFileType = sourcecode.c.h; path = NKViewController.h; sourceTree = "<group>"; };
		433305B719C45CC600E94316 /* NKViewController.m */ = {isa = PBXFileReference; lastKnownFileType = sourcecode.c.objc; path = NKViewController.m; sourceTree = "<group>"; };
		433305B919C45CC600E94316 /* Images.xcassets */ = {isa = PBXFileReference; lastKnownFileType = folder.assetcatalog; path = Images.xcassets; sourceTree = "<group>"; };
		433305BF19C45CC600E94316 /* VideoChatDemoTests.xctest */ = {isa = PBXFileReference; explicitFileType = wrapper.cfbundle; includeInIndex = 0; path = VideoChatDemoTests.xctest; sourceTree = BUILT_PRODUCTS_DIR; };
		433305C019C45CC600E94316 /* XCTest.framework */ = {isa = PBXFileReference; lastKnownFileType = wrapper.framework; name = XCTest.framework; path = Library/Frameworks/XCTest.framework; sourceTree = DEVELOPER_DIR; };
		433305C819C45CC600E94316 /* VideoChatDemoTests-Info.plist */ = {isa = PBXFileReference; lastKnownFileType = text.plist.xml; path = "VideoChatDemoTests-Info.plist"; sourceTree = "<group>"; };
		433305CA19C45CC600E94316 /* en */ = {isa = PBXFileReference; lastKnownFileType = text.plist.strings; name = en; path = en.lproj/InfoPlist.strings; sourceTree = "<group>"; };
		433305CC19C45CC600E94316 /* VideoChatDemoTests.m */ = {isa = PBXFileReference; lastKnownFileType = sourcecode.c.objc; path = VideoChatDemoTests.m; sourceTree = "<group>"; };
		436585D919C87B3200B115B2 /* NKContactView.h */ = {isa = PBXFileReference; fileEncoding = 4; lastKnownFileType = sourcecode.c.h; path = NKContactView.h; sourceTree = "<group>"; };
		436585DA19C87B3200B115B2 /* NKContactView.m */ = {isa = PBXFileReference; fileEncoding = 4; lastKnownFileType = sourcecode.c.objc; path = NKContactView.m; sourceTree = "<group>"; };
		43B026BD19C5B9BE002E00D5 /* NKContactsTableViewController.h */ = {isa = PBXFileReference; fileEncoding = 4; lastKnownFileType = sourcecode.c.h; path = NKContactsTableViewController.h; sourceTree = "<group>"; };
		43B026BE19C5B9BE002E00D5 /* NKContactsTableViewController.m */ = {isa = PBXFileReference; fileEncoding = 4; lastKnownFileType = sourcecode.c.objc; path = NKContactsTableViewController.m; sourceTree = "<group>"; };
		43B026C019C60E08002E00D5 /* user-icon-512.png */ = {isa = PBXFileReference; lastKnownFileType = image.png; path = "user-icon-512.png"; sourceTree = "<group>"; };
		43B026C319C60F48002E00D5 /* NKVideochatViewController.h */ = {isa = PBXFileReference; fileEncoding = 4; lastKnownFileType = sourcecode.c.h; path = NKVideochatViewController.h; sourceTree = "<group>"; };
		43B026C419C60F48002E00D5 /* NKVideochatViewController.m */ = {isa = PBXFileReference; fileEncoding = 4; lastKnownFileType = sourcecode.c.objc; path = NKVideochatViewController.m; sourceTree = "<group>"; };
		43B026CA19C6145B002E00D5 /* NKPageViewControllerDelegate.h */ = {isa = PBXFileReference; fileEncoding = 4; lastKnownFileType = sourcecode.c.h; path = NKPageViewControllerDelegate.h; sourceTree = "<group>"; };
		43B026CB19C6145B002E00D5 /* NKPageViewControllerDelegate.m */ = {isa = PBXFileReference; fileEncoding = 4; lastKnownFileType = sourcecode.c.objc; path = NKPageViewControllerDelegate.m; sourceTree = "<group>"; };
		43CFF5F219C61D230075A533 /* NKPageViewController.h */ = {isa = PBXFileReference; fileEncoding = 4; lastKnownFileType = sourcecode.c.h; path = NKPageViewController.h; sourceTree = "<group>"; };
		43CFF5F319C61D230075A533 /* NKPageViewController.m */ = {isa = PBXFileReference; fileEncoding = 4; lastKnownFileType = sourcecode.c.objc; path = NKPageViewController.m; sourceTree = "<group>"; };
		43CFF5F619C7037E0075A533 /* TPCircularBuffer+AudioBufferList.h */ = {isa = PBXFileReference; fileEncoding = 4; lastKnownFileType = sourcecode.c.h; path = "TPCircularBuffer+AudioBufferList.h"; sourceTree = "<group>"; };
		43CFF5F719C7037E0075A533 /* TPCircularBuffer+AudioBufferList.mm */ = {isa = PBXFileReference; fileEncoding = 4; lastKnownFileType = sourcecode.cpp.objcpp; path = "TPCircularBuffer+AudioBufferList.mm"; sourceTree = "<group>"; };
		43CFF5F819C7037E0075A533 /* TPCircularBuffer.h */ = {isa = PBXFileReference; fileEncoding = 4; lastKnownFileType = sourcecode.c.h; path = TPCircularBuffer.h; sourceTree = "<group>"; };
		43CFF5F919C7037E0075A533 /* TPCircularBuffer.mm */ = {isa = PBXFileReference; fileEncoding = 4; lastKnownFileType = sourcecode.cpp.objcpp; path = TPCircularBuffer.mm; sourceTree = "<group>"; };
		43CFF5FC19C741D80075A533 /* ringing.wav */ = {isa = PBXFileReference; lastKnownFileType = audio.wav; path = ringing.wav; sourceTree = "<group>"; };
		EEE78A2B084647658F5F3AA7 /* libPods.a */ = {isa = PBXFileReference; explicitFileType = archive.ar; includeInIndex = 0; path = libPods.a; sourceTree = BUILT_PRODUCTS_DIR; };
/* End PBXFileReference section */

/* Begin PBXFrameworksBuildPhase section */
		4333059819C45CC500E94316 /* Frameworks */ = {
			isa = PBXFrameworksBuildPhase;
			buildActionMask = 2147483647;
			files = (
				4304079319C470C10061CAB3 /* libxml2.dylib in Frameworks */,
				4304079119C470B90061CAB3 /* libresolv.dylib in Frameworks */,
				4304078F19C470B00061CAB3 /* libz.dylib in Frameworks */,
				4304079519C470DC0061CAB3 /* Quickblox.framework in Frameworks */,
				4304078D19C4709F0061CAB3 /* Security.framework in Frameworks */,
				4304078B19C4708F0061CAB3 /* AVFoundation.framework in Frameworks */,
				4304078919C470830061CAB3 /* CoreVideo.framework in Frameworks */,
				4304078719C4707B0061CAB3 /* Accelerate.framework in Frameworks */,
				4304078519C470700061CAB3 /* CoreMedia.framework in Frameworks */,
				4304078319C470610061CAB3 /* AudioToolbox.framework in Frameworks */,
				4304078119C4705A0061CAB3 /* CoreLocation.framework in Frameworks */,
				4304077F19C4704A0061CAB3 /* CoreData.framework in Frameworks */,
				4304077D19C4703A0061CAB3 /* MobileCoreServices.framework in Frameworks */,
				4304077B19C470310061CAB3 /* SystemConfiguration.framework in Frameworks */,
				4304077919C470210061CAB3 /* CFNetwork.framework in Frameworks */,
				433305A119C45CC500E94316 /* CoreGraphics.framework in Frameworks */,
				433305A319C45CC500E94316 /* UIKit.framework in Frameworks */,
				4333059F19C45CC500E94316 /* Foundation.framework in Frameworks */,
				33A09B94B40B4597B51A4406 /* libPods.a in Frameworks */,
			);
			runOnlyForDeploymentPostprocessing = 0;
		};
		433305BC19C45CC600E94316 /* Frameworks */ = {
			isa = PBXFrameworksBuildPhase;
			buildActionMask = 2147483647;
			files = (
				433305C119C45CC600E94316 /* XCTest.framework in Frameworks */,
				433305C319C45CC600E94316 /* UIKit.framework in Frameworks */,
				433305C219C45CC600E94316 /* Foundation.framework in Frameworks */,
			);
			runOnlyForDeploymentPostprocessing = 0;
		};
/* End PBXFrameworksBuildPhase section */

/* Begin PBXGroup section */
		4333059219C45CC500E94316 = {
			isa = PBXGroup;
			children = (
				433305A419C45CC500E94316 /* VideoChatDemo */,
				433305C619C45CC600E94316 /* VideoChatDemoTests */,
				4333059D19C45CC500E94316 /* Frameworks */,
				4333059C19C45CC500E94316 /* Products */,
				1806840437BC4B77A445F48D /* Pods.xcconfig */,
			);
			sourceTree = "<group>";
		};
		4333059C19C45CC500E94316 /* Products */ = {
			isa = PBXGroup;
			children = (
				4333059B19C45CC500E94316 /* VideoChatDemo.app */,
				433305BF19C45CC600E94316 /* VideoChatDemoTests.xctest */,
			);
			name = Products;
			sourceTree = "<group>";
		};
		4333059D19C45CC500E94316 /* Frameworks */ = {
			isa = PBXGroup;
			children = (
				4304079419C470DC0061CAB3 /* Quickblox.framework */,
				4304079219C470C10061CAB3 /* libxml2.dylib */,
				4304079019C470B90061CAB3 /* libresolv.dylib */,
				4304078E19C470B00061CAB3 /* libz.dylib */,
				4304078C19C4709F0061CAB3 /* Security.framework */,
				4304078A19C4708F0061CAB3 /* AVFoundation.framework */,
				4304078819C470830061CAB3 /* CoreVideo.framework */,
				4304078619C4707B0061CAB3 /* Accelerate.framework */,
				4304078419C470700061CAB3 /* CoreMedia.framework */,
				4304078219C470610061CAB3 /* AudioToolbox.framework */,
				4304078019C4705A0061CAB3 /* CoreLocation.framework */,
				4304077E19C4704A0061CAB3 /* CoreData.framework */,
				4304077C19C4703A0061CAB3 /* MobileCoreServices.framework */,
				4304077A19C470310061CAB3 /* SystemConfiguration.framework */,
				4304077819C470210061CAB3 /* CFNetwork.framework */,
				4333059E19C45CC500E94316 /* Foundation.framework */,
				433305A019C45CC500E94316 /* CoreGraphics.framework */,
				433305A219C45CC500E94316 /* UIKit.framework */,
				433305C019C45CC600E94316 /* XCTest.framework */,
				EEE78A2B084647658F5F3AA7 /* libPods.a */,
			);
			name = Frameworks;
			sourceTree = "<group>";
		};
		433305A419C45CC500E94316 /* VideoChatDemo */ = {
			isa = PBXGroup;
			children = (
				433305AD19C45CC500E94316 /* NKAppDelegate.h */,
				433305AE19C45CC500E94316 /* NKAppDelegate.m */,
				433305B019C45CC600E94316 /* Main_iPhone.storyboard */,
				433305B319C45CC600E94316 /* Main_iPad.storyboard */,
				433305B619C45CC600E94316 /* NKViewController.h */,
				433305B719C45CC600E94316 /* NKViewController.m */,
				43B026BD19C5B9BE002E00D5 /* NKContactsTableViewController.h */,
				43B026BE19C5B9BE002E00D5 /* NKContactsTableViewController.m */,
				43CFF5F519C7037E0075A533 /* TPCircularBuffer */,
				43B026C919C60F9B002E00D5 /* Pages */,
				433305A519C45CC500E94316 /* Supporting Files */,
			);
			path = VideoChatDemo;
			sourceTree = "<group>";
		};
		433305A519C45CC500E94316 /* Supporting Files */ = {
			isa = PBXGroup;
			children = (
				43CFF5FC19C741D80075A533 /* ringing.wav */,
				43B026C219C60E13002E00D5 /* Images */,
				433305B919C45CC600E94316 /* Images.xcassets */,
				433305A619C45CC500E94316 /* VideoChatDemo-Info.plist */,
				433305A719C45CC500E94316 /* InfoPlist.strings */,
				433305AA19C45CC500E94316 /* main.m */,
				433305AC19C45CC500E94316 /* VideoChatDemo-Prefix.pch */,
			);
			name = "Supporting Files";
			sourceTree = "<group>";
		};
		433305C619C45CC600E94316 /* VideoChatDemoTests */ = {
			isa = PBXGroup;
			children = (
				433305CC19C45CC600E94316 /* VideoChatDemoTests.m */,
				433305C719C45CC600E94316 /* Supporting Files */,
			);
			path = VideoChatDemoTests;
			sourceTree = "<group>";
		};
		433305C719C45CC600E94316 /* Supporting Files */ = {
			isa = PBXGroup;
			children = (
				433305C819C45CC600E94316 /* VideoChatDemoTests-Info.plist */,
				433305C919C45CC600E94316 /* InfoPlist.strings */,
			);
			name = "Supporting Files";
			sourceTree = "<group>";
		};
		43B026C219C60E13002E00D5 /* Images */ = {
			isa = PBXGroup;
			children = (
				43B026C019C60E08002E00D5 /* user-icon-512.png */,
			);
			name = Images;
			sourceTree = "<group>";
		};
		43B026C919C60F9B002E00D5 /* Pages */ = {
			isa = PBXGroup;
			children = (
				43B026CA19C6145B002E00D5 /* NKPageViewControllerDelegate.h */,
				43B026CB19C6145B002E00D5 /* NKPageViewControllerDelegate.m */,
				43CFF5F219C61D230075A533 /* NKPageViewController.h */,
				43CFF5F319C61D230075A533 /* NKPageViewController.m */,
				43B026C319C60F48002E00D5 /* NKVideochatViewController.h */,
				43B026C419C60F48002E00D5 /* NKVideochatViewController.m */,
				436585D919C87B3200B115B2 /* NKContactView.h */,
				436585DA19C87B3200B115B2 /* NKContactView.m */,
			);
			name = Pages;
			sourceTree = "<group>";
		};
		43CFF5F519C7037E0075A533 /* TPCircularBuffer */ = {
			isa = PBXGroup;
			children = (
				43CFF5F619C7037E0075A533 /* TPCircularBuffer+AudioBufferList.h */,
				43CFF5F719C7037E0075A533 /* TPCircularBuffer+AudioBufferList.mm */,
				43CFF5F819C7037E0075A533 /* TPCircularBuffer.h */,
				43CFF5F919C7037E0075A533 /* TPCircularBuffer.mm */,
			);
			path = TPCircularBuffer;
			sourceTree = "<group>";
		};
/* End PBXGroup section */

/* Begin PBXNativeTarget section */
		4333059A19C45CC500E94316 /* VideoChatDemo */ = {
			isa = PBXNativeTarget;
			buildConfigurationList = 433305D019C45CC600E94316 /* Build configuration list for PBXNativeTarget "VideoChatDemo" */;
			buildPhases = (
				9552B6DE933047718A47E6F6 /* Check Pods Manifest.lock */,
				4333059719C45CC500E94316 /* Sources */,
				4333059819C45CC500E94316 /* Frameworks */,
				4333059919C45CC500E94316 /* Resources */,
				9128D00D351D42BD809D1214 /* Copy Pods Resources */,
			);
			buildRules = (
			);
			dependencies = (
			);
			name = VideoChatDemo;
			productName = VideoChatDemo;
			productReference = 4333059B19C45CC500E94316 /* VideoChatDemo.app */;
			productType = "com.apple.product-type.application";
		};
		433305BE19C45CC600E94316 /* VideoChatDemoTests */ = {
			isa = PBXNativeTarget;
			buildConfigurationList = 433305D319C45CC600E94316 /* Build configuration list for PBXNativeTarget "VideoChatDemoTests" */;
			buildPhases = (
				433305BB19C45CC600E94316 /* Sources */,
				433305BC19C45CC600E94316 /* Frameworks */,
				433305BD19C45CC600E94316 /* Resources */,
			);
			buildRules = (
			);
			dependencies = (
				433305C519C45CC600E94316 /* PBXTargetDependency */,
			);
			name = VideoChatDemoTests;
			productName = VideoChatDemoTests;
			productReference = 433305BF19C45CC600E94316 /* VideoChatDemoTests.xctest */;
			productType = "com.apple.product-type.bundle.unit-test";
		};
/* End PBXNativeTarget section */

/* Begin PBXProject section */
		4333059319C45CC500E94316 /* Project object */ = {
			isa = PBXProject;
			attributes = {
				CLASSPREFIX = NK;
				LastUpgradeCheck = 0510;
				ORGANIZATIONNAME = "Nick Kibish";
				TargetAttributes = {
					433305BE19C45CC600E94316 = {
						TestTargetID = 4333059A19C45CC500E94316;
					};
				};
			};
			buildConfigurationList = 4333059619C45CC500E94316 /* Build configuration list for PBXProject "VideoChatDemo" */;
			compatibilityVersion = "Xcode 3.2";
			developmentRegion = English;
			hasScannedForEncodings = 0;
			knownRegions = (
				en,
				Base,
			);
			mainGroup = 4333059219C45CC500E94316;
			productRefGroup = 4333059C19C45CC500E94316 /* Products */;
			projectDirPath = "";
			projectRoot = "";
			targets = (
				4333059A19C45CC500E94316 /* VideoChatDemo */,
				433305BE19C45CC600E94316 /* VideoChatDemoTests */,
			);
		};
/* End PBXProject section */

/* Begin PBXResourcesBuildPhase section */
		4333059919C45CC500E94316 /* Resources */ = {
			isa = PBXResourcesBuildPhase;
			buildActionMask = 2147483647;
			files = (
				43B026C119C60E08002E00D5 /* user-icon-512.png in Resources */,
				433305B519C45CC600E94316 /* Main_iPad.storyboard in Resources */,
				433305BA19C45CC600E94316 /* Images.xcassets in Resources */,
				43CFF5FD19C741D80075A533 /* ringing.wav in Resources */,
				433305B219C45CC600E94316 /* Main_iPhone.storyboard in Resources */,
				433305A919C45CC500E94316 /* InfoPlist.strings in Resources */,
			);
			runOnlyForDeploymentPostprocessing = 0;
		};
		433305BD19C45CC600E94316 /* Resources */ = {
			isa = PBXResourcesBuildPhase;
			buildActionMask = 2147483647;
			files = (
				433305CB19C45CC600E94316 /* InfoPlist.strings in Resources */,
			);
			runOnlyForDeploymentPostprocessing = 0;
		};
/* End PBXResourcesBuildPhase section */

/* Begin PBXShellScriptBuildPhase section */
		9128D00D351D42BD809D1214 /* Copy Pods Resources */ = {
			isa = PBXShellScriptBuildPhase;
			buildActionMask = 2147483647;
			files = (
			);
			inputPaths = (
			);
			name = "Copy Pods Resources";
			outputPaths = (
			);
			runOnlyForDeploymentPostprocessing = 0;
			shellPath = /bin/sh;
			shellScript = "\"${SRCROOT}/Pods/Pods-resources.sh\"\n";
			showEnvVarsInLog = 0;
		};
		9552B6DE933047718A47E6F6 /* Check Pods Manifest.lock */ = {
			isa = PBXShellScriptBuildPhase;
			buildActionMask = 2147483647;
			files = (
			);
			inputPaths = (
			);
			name = "Check Pods Manifest.lock";
			outputPaths = (
			);
			runOnlyForDeploymentPostprocessing = 0;
			shellPath = /bin/sh;
			shellScript = "diff \"${PODS_ROOT}/../Podfile.lock\" \"${PODS_ROOT}/Manifest.lock\" > /dev/null\nif [[ $? != 0 ]] ; then\n    cat << EOM\nerror: The sandbox is not in sync with the Podfile.lock. Run 'pod install' or update your CocoaPods installation.\nEOM\n    exit 1\nfi\n";
			showEnvVarsInLog = 0;
		};
/* End PBXShellScriptBuildPhase section */

/* Begin PBXSourcesBuildPhase section */
		4333059719C45CC500E94316 /* Sources */ = {
			isa = PBXSourcesBuildPhase;
			buildActionMask = 2147483647;
			files = (
				436585DB19C87B3200B115B2 /* NKContactView.m in Sources */,
				433305B819C45CC600E94316 /* NKViewController.m in Sources */,
				43CFF5FA19C7037E0075A533 /* TPCircularBuffer+AudioBufferList.mm in Sources */,
				43B026CC19C6145B002E00D5 /* NKPageViewControllerDelegate.m in Sources */,
				43CFF5F419C61D230075A533 /* NKPageViewController.m in Sources */,
				433305AB19C45CC500E94316 /* main.m in Sources */,
				433305AF19C45CC500E94316 /* NKAppDelegate.m in Sources */,
				43CFF5FB19C7037E0075A533 /* TPCircularBuffer.mm in Sources */,
				43B026BF19C5B9BE002E00D5 /* NKContactsTableViewController.m in Sources */,
				43B026C519C60F48002E00D5 /* NKVideochatViewController.m in Sources */,
			);
			runOnlyForDeploymentPostprocessing = 0;
		};
		433305BB19C45CC600E94316 /* Sources */ = {
			isa = PBXSourcesBuildPhase;
			buildActionMask = 2147483647;
			files = (
				433305CD19C45CC600E94316 /* VideoChatDemoTests.m in Sources */,
			);
			runOnlyForDeploymentPostprocessing = 0;
		};
/* End PBXSourcesBuildPhase section */

/* Begin PBXTargetDependency section */
		433305C519C45CC600E94316 /* PBXTargetDependency */ = {
			isa = PBXTargetDependency;
			target = 4333059A19C45CC500E94316 /* VideoChatDemo */;
			targetProxy = 433305C419C45CC600E94316 /* PBXContainerItemProxy */;
		};
/* End PBXTargetDependency section */

/* Begin PBXVariantGroup section */
		433305A719C45CC500E94316 /* InfoPlist.strings */ = {
			isa = PBXVariantGroup;
			children = (
				433305A819C45CC500E94316 /* en */,
			);
			name = InfoPlist.strings;
			sourceTree = "<group>";
		};
		433305B019C45CC600E94316 /* Main_iPhone.storyboard */ = {
			isa = PBXVariantGroup;
			children = (
				433305B119C45CC600E94316 /* Base */,
			);
			name = Main_iPhone.storyboard;
			sourceTree = "<group>";
		};
		433305B319C45CC600E94316 /* Main_iPad.storyboard */ = {
			isa = PBXVariantGroup;
			children = (
				433305B419C45CC600E94316 /* Base */,
			);
			name = Main_iPad.storyboard;
			sourceTree = "<group>";
		};
		433305C919C45CC600E94316 /* InfoPlist.strings */ = {
			isa = PBXVariantGroup;
			children = (
				433305CA19C45CC600E94316 /* en */,
			);
			name = InfoPlist.strings;
			sourceTree = "<group>";
		};
/* End PBXVariantGroup section */

/* Begin XCBuildConfiguration section */
		433305CE19C45CC600E94316 /* Debug */ = {
			isa = XCBuildConfiguration;
			buildSettings = {
				ALWAYS_SEARCH_USER_PATHS = NO;
				CLANG_CXX_LANGUAGE_STANDARD = "gnu++0x";
				CLANG_CXX_LIBRARY = "libc++";
				CLANG_ENABLE_MODULES = YES;
				CLANG_ENABLE_OBJC_ARC = YES;
				CLANG_WARN_BOOL_CONVERSION = YES;
				CLANG_WARN_CONSTANT_CONVERSION = YES;
				CLANG_WARN_DIRECT_OBJC_ISA_USAGE = YES_ERROR;
				CLANG_WARN_EMPTY_BODY = YES;
				CLANG_WARN_ENUM_CONVERSION = YES;
				CLANG_WARN_INT_CONVERSION = YES;
				CLANG_WARN_OBJC_ROOT_CLASS = YES_ERROR;
				CLANG_WARN__DUPLICATE_METHOD_MATCH = YES;
				"CODE_SIGN_IDENTITY[sdk=iphoneos*]" = "iPhone Developer";
				COPY_PHASE_STRIP = NO;
				GCC_C_LANGUAGE_STANDARD = gnu99;
				GCC_DYNAMIC_NO_PIC = NO;
				GCC_OPTIMIZATION_LEVEL = 0;
				GCC_PREPROCESSOR_DEFINITIONS = (
					"DEBUG=1",
					"$(inherited)",
				);
				GCC_SYMBOLS_PRIVATE_EXTERN = NO;
				GCC_WARN_64_TO_32_BIT_CONVERSION = YES;
				GCC_WARN_ABOUT_RETURN_TYPE = YES_ERROR;
				GCC_WARN_UNDECLARED_SELECTOR = YES;
				GCC_WARN_UNINITIALIZED_AUTOS = YES_AGGRESSIVE;
				GCC_WARN_UNUSED_FUNCTION = YES;
				GCC_WARN_UNUSED_VARIABLE = YES;
				IPHONEOS_DEPLOYMENT_TARGET = 7.1;
				ONLY_ACTIVE_ARCH = YES;
				SDKROOT = iphoneos;
				TARGETED_DEVICE_FAMILY = "1,2";
			};
			name = Debug;
		};
		433305CF19C45CC600E94316 /* Release */ = {
			isa = XCBuildConfiguration;
			buildSettings = {
				ALWAYS_SEARCH_USER_PATHS = NO;
				CLANG_CXX_LANGUAGE_STANDARD = "gnu++0x";
				CLANG_CXX_LIBRARY = "libc++";
				CLANG_ENABLE_MODULES = YES;
				CLANG_ENABLE_OBJC_ARC = YES;
				CLANG_WARN_BOOL_CONVERSION = YES;
				CLANG_WARN_CONSTANT_CONVERSION = YES;
				CLANG_WARN_DIRECT_OBJC_ISA_USAGE = YES_ERROR;
				CLANG_WARN_EMPTY_BODY = YES;
				CLANG_WARN_ENUM_CONVERSION = YES;
				CLANG_WARN_INT_CONVERSION = YES;
				CLANG_WARN_OBJC_ROOT_CLASS = YES_ERROR;
				CLANG_WARN__DUPLICATE_METHOD_MATCH = YES;
				"CODE_SIGN_IDENTITY[sdk=iphoneos*]" = "iPhone Developer";
				COPY_PHASE_STRIP = YES;
				ENABLE_NS_ASSERTIONS = NO;
				GCC_C_LANGUAGE_STANDARD = gnu99;
				GCC_WARN_64_TO_32_BIT_CONVERSION = YES;
				GCC_WARN_ABOUT_RETURN_TYPE = YES_ERROR;
				GCC_WARN_UNDECLARED_SELECTOR = YES;
				GCC_WARN_UNINITIALIZED_AUTOS = YES_AGGRESSIVE;
				GCC_WARN_UNUSED_FUNCTION = YES;
				GCC_WARN_UNUSED_VARIABLE = YES;
				IPHONEOS_DEPLOYMENT_TARGET = 7.1;
				SDKROOT = iphoneos;
				TARGETED_DEVICE_FAMILY = "1,2";
				VALIDATE_PRODUCT = YES;
			};
			name = Release;
		};
		433305D119C45CC600E94316 /* Debug */ = {
			isa = XCBuildConfiguration;
			baseConfigurationReference = 1806840437BC4B77A445F48D /* Pods.xcconfig */;
			buildSettings = {
				ASSETCATALOG_COMPILER_APPICON_NAME = AppIcon;
				ASSETCATALOG_COMPILER_LAUNCHIMAGE_NAME = LaunchImage;
				FRAMEWORK_SEARCH_PATHS = (
					"$(inherited)",
					"/Users/nickkibish/Documents/Programming/Xcode/iOS/QuickBlocks/quickblox-ios-sdk/Framework",
				);
				GCC_PRECOMPILE_PREFIX_HEADER = YES;
				GCC_PREFIX_HEADER = "VideoChatDemo/VideoChatDemo-Prefix.pch";
				INFOPLIST_FILE = "VideoChatDemo/VideoChatDemo-Info.plist";
				IPHONEOS_DEPLOYMENT_TARGET = 8.0;
				PRODUCT_NAME = "$(TARGET_NAME)";
				TARGETED_DEVICE_FAMILY = "1,2";
				WRAPPER_EXTENSION = app;
			};
			name = Debug;
		};
		433305D219C45CC600E94316 /* Release */ = {
			isa = XCBuildConfiguration;
			baseConfigurationReference = 1806840437BC4B77A445F48D /* Pods.xcconfig */;
			buildSettings = {
				ASSETCATALOG_COMPILER_APPICON_NAME = AppIcon;
				ASSETCATALOG_COMPILER_LAUNCHIMAGE_NAME = LaunchImage;
				FRAMEWORK_SEARCH_PATHS = (
					"$(inherited)",
					"/Users/nickkibish/Documents/Programming/Xcode/iOS/QuickBlocks/quickblox-ios-sdk/Framework",
				);
				GCC_PRECOMPILE_PREFIX_HEADER = YES;
				GCC_PREFIX_HEADER = "VideoChatDemo/VideoChatDemo-Prefix.pch";
				INFOPLIST_FILE = "VideoChatDemo/VideoChatDemo-Info.plist";
				IPHONEOS_DEPLOYMENT_TARGET = 8.0;
				PRODUCT_NAME = "$(TARGET_NAME)";
				TARGETED_DEVICE_FAMILY = "1,2";
				WRAPPER_EXTENSION = app;
			};
			name = Release;
		};
		433305D419C45CC600E94316 /* Debug */ = {
			isa = XCBuildConfiguration;
			buildSettings = {
				BUNDLE_LOADER = "$(BUILT_PRODUCTS_DIR)/VideoChatDemo.app/VideoChatDemo";
				FRAMEWORK_SEARCH_PATHS = (
					"$(SDKROOT)/Developer/Library/Frameworks",
					"$(inherited)",
					"$(DEVELOPER_FRAMEWORKS_DIR)",
				);
				GCC_PRECOMPILE_PREFIX_HEADER = YES;
				GCC_PREFIX_HEADER = "VideoChatDemo/VideoChatDemo-Prefix.pch";
				GCC_PREPROCESSOR_DEFINITIONS = (
					"DEBUG=1",
					"$(inherited)",
				);
				INFOPLIST_FILE = "VideoChatDemoTests/VideoChatDemoTests-Info.plist";
				PRODUCT_NAME = "$(TARGET_NAME)";
				TEST_HOST = "$(BUNDLE_LOADER)";
				WRAPPER_EXTENSION = xctest;
			};
			name = Debug;
		};
		433305D519C45CC600E94316 /* Release */ = {
			isa = XCBuildConfiguration;
			buildSettings = {
				BUNDLE_LOADER = "$(BUILT_PRODUCTS_DIR)/VideoChatDemo.app/VideoChatDemo";
				FRAMEWORK_SEARCH_PATHS = (
					"$(SDKROOT)/Developer/Library/Frameworks",
					"$(inherited)",
					"$(DEVELOPER_FRAMEWORKS_DIR)",
				);
				GCC_PRECOMPILE_PREFIX_HEADER = YES;
				GCC_PREFIX_HEADER = "VideoChatDemo/VideoChatDemo-Prefix.pch";
				INFOPLIST_FILE = "VideoChatDemoTests/VideoChatDemoTests-Info.plist";
				PRODUCT_NAME = "$(TARGET_NAME)";
				TEST_HOST = "$(BUNDLE_LOADER)";
				WRAPPER_EXTENSION = xctest;
			};
			name = Release;
		};
/* End XCBuildConfiguration section */

/* Begin XCConfigurationList section */
		4333059619C45CC500E94316 /* Build configuration list for PBXProject "VideoChatDemo" */ = {
			isa = XCConfigurationList;
			buildConfigurations = (
				433305CE19C45CC600E94316 /* Debug */,
				433305CF19C45CC600E94316 /* Release */,
			);
			defaultConfigurationIsVisible = 0;
			defaultConfigurationName = Release;
		};
		433305D019C45CC600E94316 /* Build configuration list for PBXNativeTarget "VideoChatDemo" */ = {
			isa = XCConfigurationList;
			buildConfigurations = (
				433305D119C45CC600E94316 /* Debug */,
				433305D219C45CC600E94316 /* Release */,
			);
			defaultConfigurationIsVisible = 0;
			defaultConfigurationName = Release;
		};
		433305D319C45CC600E94316 /* Build configuration list for PBXNativeTarget "VideoChatDemoTests" */ = {
			isa = XCConfigurationList;
			buildConfigurations = (
				433305D419C45CC600E94316 /* Debug */,
				433305D519C45CC600E94316 /* Release */,
			);
			defaultConfigurationIsVisible = 0;
			defaultConfigurationName = Release;
		};
/* End XCConfigurationList section */
	};
	rootObject = 4333059319C45CC500E94316 /* Project object */;
}
